
Microsoft Visual Studio Solution File, Format Version 12.00
# Visual Studio Version 17
VisualStudioVersion = 17.10.35013.160
MinimumVisualStudioVersion = 10.0.40219.1
Project("{FAE04EC0-301F-11D3-BF4B-00C04F79EFBC}") = "JogoApp", "JogoApp\JogoApp.csproj", "{B77CA40B-3F46-4145-B851-C957468CC207}"
EndProject
Global
	GlobalSection(SolutionConfigurationPlatforms) = preSolution
		Debug|Any CPU = Debug|Any CPU
		Release|Any CPU = Release|Any CPU
	EndGlobalSection
	GlobalSection(ProjectConfigurationPlatforms) = postSolution
		{B77CA40B-3F46-4145-B851-C957468CC207}.Debug|Any CPU.ActiveCfg = Debug|Any CPU
		{B77CA40B-3F46-4145-B851-C957468CC207}.Debug|Any CPU.Build.0 = Debug|Any CPU
		{B77CA40B-3F46-4145-B851-C957468CC207}.Release|Any CPU.ActiveCfg = Release|Any CPU
		{B77CA40B-3F46-4145-B851-C957468CC207}.Release|Any CPU.Build.0 = Release|Any CPU
	EndGlobalSection
	GlobalSection(SolutionProperties) = preSolution
		HideSolutionNode = FALSE
	EndGlobalSection
	GlobalSection(ExtensibilityGlobals) = postSolution
		SolutionGuid = {E3362A38-7A32-4CBA-B450-987735082D01}
	EndGlobalSection
EndGlobal
